
Microsoft Visual Studio Solution File, Format Version 12.00
# Visual Studio Version 16
VisualStudioVersion = 16.0.30413.136
MinimumVisualStudioVersion = 10.0.40219.1
Project("{FAE04EC0-301F-11D3-BF4B-00C04F79EFBC}") = "GameStay", "GameStay\GameStay.csproj", "{27749183-209A-42CC-857F-C6838A5AF5FD}"
EndProject
Global
	GlobalSection(SolutionConfigurationPlatforms) = preSolution
		Debug|Any CPU = Debug|Any CPU
		Release|Any CPU = Release|Any CPU
	EndGlobalSection
	GlobalSection(ProjectConfigurationPlatforms) = postSolution
		{27749183-209A-42CC-857F-C6838A5AF5FD}.Debug|Any CPU.ActiveCfg = Debug|Any CPU
		{27749183-209A-42CC-857F-C6838A5AF5FD}.Debug|Any CPU.Build.0 = Debug|Any CPU
		{27749183-209A-42CC-857F-C6838A5AF5FD}.Release|Any CPU.ActiveCfg = Release|Any CPU
		{27749183-209A-42CC-857F-C6838A5AF5FD}.Release|Any CPU.Build.0 = Release|Any CPU
	EndGlobalSection
	GlobalSection(SolutionProperties) = preSolution
		HideSolutionNode = FALSE
	EndGlobalSection
	GlobalSection(ExtensibilityGlobals) = postSolution
		SolutionGuid = {4F046363-485C-4F22-81F3-92560079AC39}
	EndGlobalSection
EndGlobal
